Microsoft Visual Studio Solution File, Format Version 12.00
# Visual Studio Version 17
VisualStudioVersion = 17.5.2.0
MinimumVisualStudioVersion = 10.0.40219.1
Project("{2150E333-8FDC-42A3-9474-1A3956D46DE8}") = "sdk", "sdk", "{FF13A09E-0E72-1904-124B-A4E979EF28D3}"
EndProject
Project("{2150E333-8FDC-42A3-9474-1A3956D46DE8}") = "dotnet", "dotnet", "{9D954F24-B3F1-FF05-00E7-71549D8DD0D6}"
EndProject
Project("{FAE04EC0-301F-11D3-BF4B-00C04F79EFBC}") = "Ember.Sdk", "sdk\dotnet\Ember.Sdk\Ember.Sdk.csproj", "{8223E05C-A01C-F433-744B-2A4E26BDEB71}"
EndProject
Global
	GlobalSection(SolutionConfigurationPlatforms) = preSolution
		Debug|Any CPU = Debug|Any CPU
		Release|Any CPU = Release|Any CPU
	EndGlobalSection
	GlobalSection(ProjectConfigurationPlatforms) = postSolution
		{8223E05C-A01C-F433-744B-2A4E26BDEB71}.Debug|Any CPU.ActiveCfg = Debug|Any CPU
		{8223E05C-A01C-F433-744B-2A4E26BDEB71}.Debug|Any CPU.Build.0 = Debug|Any CPU
		{8223E05C-A01C-F433-744B-2A4E26BDEB71}.Release|Any CPU.ActiveCfg = Release|Any CPU
		{8223E05C-A01C-F433-744B-2A4E26BDEB71}.Release|Any CPU.Build.0 = Release|Any CPU
	EndGlobalSection
	GlobalSection(SolutionProperties) = preSolution
		HideSolutionNode = FALSE
	EndGlobalSection
	GlobalSection(NestedProjects) = preSolution
		{9D954F24-B3F1-FF05-00E7-71549D8DD0D6} = {FF13A09E-0E72-1904-124B-A4E979EF28D3}
		{8223E05C-A01C-F433-744B-2A4E26BDEB71} = {9D954F24-B3F1-FF05-00E7-71549D8DD0D6}
	EndGlobalSection
	GlobalSection(ExtensibilityGlobals) = postSolution
		SolutionGuid = {D516A270-52D8-45BB-8C41-D55860A59199}
	EndGlobalSection
EndGlobal
